// !$*UTF8*$!
{
	archiveVersion = 1;
	classes = {
	};
	objectVersion = 50;
	objects = {

/* Begin PBXBuildFile section */
		08E19EFBB52B11F5D2339464 /* Pods_FirstRoundTest.framework in Frameworks */ = {isa = PBXBuildFile; fileRef = 6AFF1E6278935E2B0F629376 /* Pods_FirstRoundTest.framework */; };
		1EAE8A584BAA46FABAECB096 /* Pods_FirstRoundTest.framework in Frameworks */ = {isa = PBXBuildFile; fileRef = 14AE5A1E15CEBDEEE0F52641 /* Pods_FirstRoundTest.framework */; };
		7117345320F431D8003A1E24 /* OverviewModelController.swift in Sources */ = {isa = PBXBuildFile; fileRef = 7117345220F431D8003A1E24 /* OverviewModelController.swift */; };
		715716D820F04BBD001500C2 /* AppDelegate.swift in Sources */ = {isa = PBXBuildFile; fileRef = 715716D720F04BBD001500C2 /* AppDelegate.swift */; };
		715716DD20F04BBD001500C2 /* Main.storyboard in Resources */ = {isa = PBXBuildFile; fileRef = 715716DB20F04BBD001500C2 /* Main.storyboard */; };
		715716DF20F04BBE001500C2 /* Assets.xcassets in Resources */ = {isa = PBXBuildFile; fileRef = 715716DE20F04BBE001500C2 /* Assets.xcassets */; };
		715716E220F04BBE001500C2 /* LaunchScreen.storyboard in Resources */ = {isa = PBXBuildFile; fileRef = 715716E020F04BBE001500C2 /* LaunchScreen.storyboard */; };
		715716EC20F06629001500C2 /* OverviewViewController.swift in Sources */ = {isa = PBXBuildFile; fileRef = 715716EB20F06629001500C2 /* OverviewViewController.swift */; };
		715716EF20F09B0F001500C2 /* DesignableSearchBar.swift in Sources */ = {isa = PBXBuildFile; fileRef = 715716EE20F09B0F001500C2 /* DesignableSearchBar.swift */; };
		715716F220F0AFDB001500C2 /* MethodForConvertingHex.swift in Sources */ = {isa = PBXBuildFile; fileRef = 715716F120F0AFDB001500C2 /* MethodForConvertingHex.swift */; };
		715716F420F10FE7001500C2 /* UISearchBarExtension.swift in Sources */ = {isa = PBXBuildFile; fileRef = 715716F320F10FE7001500C2 /* UISearchBarExtension.swift */; };
		715716F820F15F56001500C2 /* DesignableNavigationBar.swift in Sources */ = {isa = PBXBuildFile; fileRef = 715716F720F15F56001500C2 /* DesignableNavigationBar.swift */; };
		7157170220F1B23B001500C2 /* HomeScreenPullBarFirstLayer.swift in Sources */ = {isa = PBXBuildFile; fileRef = 7157170120F1B23B001500C2 /* HomeScreenPullBarFirstLayer.swift */; };
		7157170420F1BF01001500C2 /* GripBarsOnPullScreen.swift in Sources */ = {isa = PBXBuildFile; fileRef = 7157170320F1BF01001500C2 /* GripBarsOnPullScreen.swift */; };
		717787ED20FD6DA000280B93 /* GoogleService-Info.plist in Resources */ = {isa = PBXBuildFile; fileRef = 717787EC20FD6DA000280B93 /* GoogleService-Info.plist */; };
		717787EF20FD725200280B93 /* MainViewController.swift in Sources */ = {isa = PBXBuildFile; fileRef = 717787EE20FD725200280B93 /* MainViewController.swift */; };
		717787F120FD728900280B93 /* MainPageViewController.swift in Sources */ = {isa = PBXBuildFile; fileRef = 717787F020FD728900280B93 /* MainPageViewController.swift */; };
		717787F320FDADEB00280B93 /* SegueToOverviewFrmCell.swift in Sources */ = {isa = PBXBuildFile; fileRef = 717787F220FDADEB00280B93 /* SegueToOverviewFrmCell.swift */; };
		717787F520FDBDB200280B93 /* ViolationsOverviewViewController.swift in Sources */ = {isa = PBXBuildFile; fileRef = 717787F420FDBDB200280B93 /* ViolationsOverviewViewController.swift */; };
		717787F720FDBDD400280B93 /* ReoccurringViolationsViewController.swift in Sources */ = {isa = PBXBuildFile; fileRef = 717787F620FDBDD400280B93 /* ReoccurringViolationsViewController.swift */; };
		717787F920FDBDEC00280B93 /* ThreeInspectionsViewController.swift in Sources */ = {isa = PBXBuildFile; fileRef = 717787F820FDBDEC00280B93 /* ThreeInspectionsViewController.swift */; };
		7178870020F33AF500851F91 /* FirstRoundModelData.swift in Sources */ = {isa = PBXBuildFile; fileRef = 717886FF20F33AF500851F91 /* FirstRoundModelData.swift */; };
		71B49D7820F299B300228162 /* RestaurantListViewController.swift in Sources */ = {isa = PBXBuildFile; fileRef = 71B49D7720F299B300228162 /* RestaurantListViewController.swift */; };
		71B49D7A20F2A9BD00228162 /* RestaurantListTableViewCell.swift in Sources */ = {isa = PBXBuildFile; fileRef = 71B49D7920F2A9BD00228162 /* RestaurantListTableViewCell.swift */; };
		71B49D7E20F2B1F000228162 /* DesignableRestaurantCellRound.swift in Sources */ = {isa = PBXBuildFile; fileRef = 71B49D7D20F2B1F000228162 /* DesignableRestaurantCellRound.swift */; };
		71FD475920F58097000CFD52 /* MapViewController.swift in Sources */ = {isa = PBXBuildFile; fileRef = 71FD475820F58097000CFD52 /* MapViewController.swift */; };
		71FD476520F6D8A8000CFD52 /* TabbarDesignable.swift in Sources */ = {isa = PBXBuildFile; fileRef = 71FD476420F6D8A8000CFD52 /* TabbarDesignable.swift */; };
/* End PBXBuildFile section */

/* Begin PBXFileReference section */
		14AE5A1E15CEBDEEE0F52641 /* Pods_FirstRoundTest.framework */ = {isa = PBXFileReference; explicitFileType = wrapper.framework; includeInIndex = 0; path = Pods_FirstRoundTest.framework; sourceTree = BUILT_PRODUCTS_DIR; };
		66DA9E055302BE5722AF6D3D /* Pods-FirstRoundTest.debug.xcconfig */ = {isa = PBXFileReference; includeInIndex = 1; lastKnownFileType = text.xcconfig; name = "Pods-FirstRoundTest.debug.xcconfig"; path = "Pods/Target Support Files/Pods-FirstRoundTest/Pods-FirstRoundTest.debug.xcconfig"; sourceTree = "<group>"; };
		6AFF1E6278935E2B0F629376 /* Pods_FirstRoundTest.framework */ = {isa = PBXFileReference; explicitFileType = wrapper.framework; includeInIndex = 0; path = Pods_FirstRoundTest.framework; sourceTree = BUILT_PRODUCTS_DIR; };
		7117345220F431D8003A1E24 /* OverviewModelController.swift */ = {isa = PBXFileReference; lastKnownFileType = sourcecode.swift; path = OverviewModelController.swift; sourceTree = "<group>"; };
		715716D420F04BBD001500C2 /* FirstRoundTest.app */ = {isa = PBXFileReference; explicitFileType = wrapper.application; includeInIndex = 0; path = FirstRoundTest.app; sourceTree = BUILT_PRODUCTS_DIR; };
		715716D720F04BBD001500C2 /* AppDelegate.swift */ = {isa = PBXFileReference; lastKnownFileType = sourcecode.swift; path = AppDelegate.swift; sourceTree = "<group>"; };
		715716DC20F04BBD001500C2 /* Base */ = {isa = PBXFileReference; lastKnownFileType = file.storyboard; name = Base; path = Base.lproj/Main.storyboard; sourceTree = "<group>"; };
		715716DE20F04BBE001500C2 /* Assets.xcassets */ = {isa = PBXFileReference; lastKnownFileType = folder.assetcatalog; path = Assets.xcassets; sourceTree = "<group>"; };
		715716E120F04BBE001500C2 /* Base */ = {isa = PBXFileReference; lastKnownFileType = file.storyboard; name = Base; path = Base.lproj/LaunchScreen.storyboard; sourceTree = "<group>"; };
		715716E320F04BBE001500C2 /* Info.plist */ = {isa = PBXFileReference; lastKnownFileType = text.plist.xml; path = Info.plist; sourceTree = "<group>"; };
		715716EB20F06629001500C2 /* OverviewViewController.swift */ = {isa = PBXFileReference; lastKnownFileType = sourcecode.swift; path = OverviewViewController.swift; sourceTree = "<group>"; };
		715716EE20F09B0F001500C2 /* DesignableSearchBar.swift */ = {isa = PBXFileReference; lastKnownFileType = sourcecode.swift; path = DesignableSearchBar.swift; sourceTree = "<group>"; };
		715716F120F0AFDB001500C2 /* MethodForConvertingHex.swift */ = {isa = PBXFileReference; lastKnownFileType = sourcecode.swift; path = MethodForConvertingHex.swift; sourceTree = "<group>"; };
		715716F320F10FE7001500C2 /* UISearchBarExtension.swift */ = {isa = PBXFileReference; lastKnownFileType = sourcecode.swift; path = UISearchBarExtension.swift; sourceTree = "<group>"; };
		715716F720F15F56001500C2 /* DesignableNavigationBar.swift */ = {isa = PBXFileReference; lastKnownFileType = sourcecode.swift; path = DesignableNavigationBar.swift; sourceTree = "<group>"; };
		7157170120F1B23B001500C2 /* HomeScreenPullBarFirstLayer.swift */ = {isa = PBXFileReference; lastKnownFileType = sourcecode.swift; path = HomeScreenPullBarFirstLayer.swift; sourceTree = "<group>"; };
		7157170320F1BF01001500C2 /* GripBarsOnPullScreen.swift */ = {isa = PBXFileReference; lastKnownFileType = sourcecode.swift; path = GripBarsOnPullScreen.swift; sourceTree = "<group>"; };
		717787EC20FD6DA000280B93 /* GoogleService-Info.plist */ = {isa = PBXFileReference; fileEncoding = 4; lastKnownFileType = text.plist.xml; name = "GoogleService-Info.plist"; path = "../../GoogleService-Info.plist"; sourceTree = "<group>"; };
		717787EE20FD725200280B93 /* MainViewController.swift */ = {isa = PBXFileReference; lastKnownFileType = sourcecode.swift; path = MainViewController.swift; sourceTree = "<group>"; };
		717787F020FD728900280B93 /* MainPageViewController.swift */ = {isa = PBXFileReference; lastKnownFileType = sourcecode.swift; path = MainPageViewController.swift; sourceTree = "<group>"; };
		717787F220FDADEB00280B93 /* SegueToOverviewFrmCell.swift */ = {isa = PBXFileReference; lastKnownFileType = sourcecode.swift; path = SegueToOverviewFrmCell.swift; sourceTree = "<group>"; };
		717787F420FDBDB200280B93 /* ViolationsOverviewViewController.swift */ = {isa = PBXFileReference; lastKnownFileType = sourcecode.swift; path = ViolationsOverviewViewController.swift; sourceTree = "<group>"; };
		717787F620FDBDD400280B93 /* ReoccurringViolationsViewController.swift */ = {isa = PBXFileReference; lastKnownFileType = sourcecode.swift; path = ReoccurringViolationsViewController.swift; sourceTree = "<group>"; };
		717787F820FDBDEC00280B93 /* ThreeInspectionsViewController.swift */ = {isa = PBXFileReference; lastKnownFileType = sourcecode.swift; path = ThreeInspectionsViewController.swift; sourceTree = "<group>"; };
		717886FF20F33AF500851F91 /* FirstRoundModelData.swift */ = {isa = PBXFileReference; lastKnownFileType = sourcecode.swift; path = FirstRoundModelData.swift; sourceTree = "<group>"; };
		71B49D7720F299B300228162 /* RestaurantListViewController.swift */ = {isa = PBXFileReference; lastKnownFileType = sourcecode.swift; path = RestaurantListViewController.swift; sourceTree = "<group>"; };
		71B49D7920F2A9BD00228162 /* RestaurantListTableViewCell.swift */ = {isa = PBXFileReference; lastKnownFileType = sourcecode.swift; path = RestaurantListTableViewCell.swift; sourceTree = "<group>"; };
		71B49D7D20F2B1F000228162 /* DesignableRestaurantCellRound.swift */ = {isa = PBXFileReference; lastKnownFileType = sourcecode.swift; path = DesignableRestaurantCellRound.swift; sourceTree = "<group>"; };
		71FD475820F58097000CFD52 /* MapViewController.swift */ = {isa = PBXFileReference; lastKnownFileType = sourcecode.swift; path = MapViewController.swift; sourceTree = "<group>"; };
		71FD476420F6D8A8000CFD52 /* TabbarDesignable.swift */ = {isa = PBXFileReference; lastKnownFileType = sourcecode.swift; path = TabbarDesignable.swift; sourceTree = "<group>"; };
		99B2D7EC4EFC600FF819F6A5 /* Pods-FirstRoundTest.release.xcconfig */ = {isa = PBXFileReference; includeInIndex = 1; lastKnownFileType = text.xcconfig; name = "Pods-FirstRoundTest.release.xcconfig"; path = "Pods/Target Support Files/Pods-FirstRoundTest/Pods-FirstRoundTest.release.xcconfig"; sourceTree = "<group>"; };
		99D95DA7A9FBA0878E6D6766 /* Pods-FirstRoundTest.debug.xcconfig */ = {isa = PBXFileReference; includeInIndex = 1; lastKnownFileType = text.xcconfig; name = "Pods-FirstRoundTest.debug.xcconfig"; path = "Pods/Target Support Files/Pods-FirstRoundTest/Pods-FirstRoundTest.debug.xcconfig"; sourceTree = "<group>"; };
		C6D29F4EB4196B6B5FCEA620 /* Pods-FirstRoundTest.release.xcconfig */ = {isa = PBXFileReference; includeInIndex = 1; lastKnownFileType = text.xcconfig; name = "Pods-FirstRoundTest.release.xcconfig"; path = "Pods/Target Support Files/Pods-FirstRoundTest/Pods-FirstRoundTest.release.xcconfig"; sourceTree = "<group>"; };
/* End PBXFileReference section */

/* Begin PBXFrameworksBuildPhase section */
		715716D120F04BBC001500C2 /* Frameworks */ = {
			isa = PBXFrameworksBuildPhase;
			buildActionMask = 2147483647;
			files = (
				1EAE8A584BAA46FABAECB096 /* Pods_FirstRoundTest.framework in Frameworks */,
				08E19EFBB52B11F5D2339464 /* Pods_FirstRoundTest.framework in Frameworks */,
			);
			runOnlyForDeploymentPostprocessing = 0;
		};
/* End PBXFrameworksBuildPhase section */

/* Begin PBXGroup section */
		17DB09C90F782E6196497240 /* Frameworks */ = {
			isa = PBXGroup;
			children = (
				6AFF1E6278935E2B0F629376 /* Pods_FirstRoundTest.framework */,
			);
			name = Frameworks;
			sourceTree = "<group>";
		};
		24B5FC78C1AAA55C9D9CE3CA /* Frameworks */ = {
			isa = PBXGroup;
			children = (
				14AE5A1E15CEBDEEE0F52641 /* Pods_FirstRoundTest.framework */,
			);
			name = Frameworks;
			path = ../..;
			sourceTree = "<group>";
		};
		715716CB20F04BBC001500C2 = {
			isa = PBXGroup;
			children = (
				715716D620F04BBD001500C2 /* FirstRoundTest */,
				A1AB2DEBF15FADB1513366EB /* Pods */,
				17DB09C90F782E6196497240 /* Frameworks */,
			);
			sourceTree = "<group>";
		};
		715716D520F04BBD001500C2 /* Products */ = {
			isa = PBXGroup;
			children = (
				715716D420F04BBD001500C2 /* FirstRoundTest.app */,
			);
			name = Products;
			path = ../..;
			sourceTree = "<group>";
		};
		715716D620F04BBD001500C2 /* FirstRoundTest */ = {
			isa = PBXGroup;
			children = (
				717787EC20FD6DA000280B93 /* GoogleService-Info.plist */,
				717886FE20F33AE000851F91 /* Model */,
				715716E920F06364001500C2 /* View */,
				71B49D7B20F2AB6400228162 /* Controller */,
				715716F020F0AFBC001500C2 /* Extensions */,
				715716ED20F09AD3001500C2 /* IBDesignables */,
				715716EA20F0637A001500C2 /* Resources */,
			);
			path = FirstRoundTest;
			sourceTree = "<group>";
		};
		715716E920F06364001500C2 /* View */ = {
			isa = PBXGroup;
			children = (
				715716DB20F04BBD001500C2 /* Main.storyboard */,
				717787F420FDBDB200280B93 /* ViolationsOverviewViewController.swift */,
				717787F620FDBDD400280B93 /* ReoccurringViolationsViewController.swift */,
				717787F820FDBDEC00280B93 /* ThreeInspectionsViewController.swift */,
				715716EB20F06629001500C2 /* OverviewViewController.swift */,
				71B49D7720F299B300228162 /* RestaurantListViewController.swift */,
				71B49D7920F2A9BD00228162 /* RestaurantListTableViewCell.swift */,
				71FD475820F58097000CFD52 /* MapViewController.swift */,
				717787EE20FD725200280B93 /* MainViewController.swift */,
				717787F020FD728900280B93 /* MainPageViewController.swift */,
				717787F220FDADEB00280B93 /* SegueToOverviewFrmCell.swift */,
			);
			path = View;
			sourceTree = "<group>";
		};
		715716EA20F0637A001500C2 /* Resources */ = {
			isa = PBXGroup;
			children = (
				715716D520F04BBD001500C2 /* Products */,
				AB788A2E579E7F3DEBCD5ACD /* Pods */,
				24B5FC78C1AAA55C9D9CE3CA /* Frameworks */,
				71B49D7C20F2ABA300228162 /* AppRelatedFiles */,
			);
			path = Resources;
			sourceTree = "<group>";
		};
		715716ED20F09AD3001500C2 /* IBDesignables */ = {
			isa = PBXGroup;
			children = (
				715716EE20F09B0F001500C2 /* DesignableSearchBar.swift */,
				715716F720F15F56001500C2 /* DesignableNavigationBar.swift */,
				7157170120F1B23B001500C2 /* HomeScreenPullBarFirstLayer.swift */,
				7157170320F1BF01001500C2 /* GripBarsOnPullScreen.swift */,
				71B49D7D20F2B1F000228162 /* DesignableRestaurantCellRound.swift */,
				71FD476420F6D8A8000CFD52 /* TabbarDesignable.swift */,
			);
			name = IBDesignables;
			sourceTree = "<group>";
		};
		715716F020F0AFBC001500C2 /* Extensions */ = {
			isa = PBXGroup;
			children = (
				715716F120F0AFDB001500C2 /* MethodForConvertingHex.swift */,
				715716F320F10FE7001500C2 /* UISearchBarExtension.swift */,
			);
			name = Extensions;
			sourceTree = "<group>";
		};
		717886FE20F33AE000851F91 /* Model */ = {
			isa = PBXGroup;
			children = (
				717886FF20F33AF500851F91 /* FirstRoundModelData.swift */,
			);
			name = Model;
			sourceTree = "<group>";
		};
		71B49D7B20F2AB6400228162 /* Controller */ = {
			isa = PBXGroup;
			children = (
				7117345220F431D8003A1E24 /* OverviewModelController.swift */,
			);
			path = Controller;
			sourceTree = "<group>";
		};
		71B49D7C20F2ABA300228162 /* AppRelatedFiles */ = {
			isa = PBXGroup;
			children = (
				715716D720F04BBD001500C2 /* AppDelegate.swift */,
				715716DE20F04BBE001500C2 /* Assets.xcassets */,
				715716E020F04BBE001500C2 /* LaunchScreen.storyboard */,
				715716E320F04BBE001500C2 /* Info.plist */,
			);
			path = AppRelatedFiles;
			sourceTree = "<group>";
		};
		A1AB2DEBF15FADB1513366EB /* Pods */ = {
			isa = PBXGroup;
			children = (
				99D95DA7A9FBA0878E6D6766 /* Pods-FirstRoundTest.debug.xcconfig */,
				C6D29F4EB4196B6B5FCEA620 /* Pods-FirstRoundTest.release.xcconfig */,
			);
			name = Pods;
			sourceTree = "<group>";
		};
		AB788A2E579E7F3DEBCD5ACD /* Pods */ = {
			isa = PBXGroup;
			children = (
				66DA9E055302BE5722AF6D3D /* Pods-FirstRoundTest.debug.xcconfig */,
				99B2D7EC4EFC600FF819F6A5 /* Pods-FirstRoundTest.release.xcconfig */,
			);
			name = Pods;
			path = ../..;
			sourceTree = "<group>";
		};
/* End PBXGroup section */

/* Begin PBXNativeTarget section */
		715716D320F04BBC001500C2 /* FirstRoundTest */ = {
			isa = PBXNativeTarget;
			buildConfigurationList = 715716E620F04BBE001500C2 /* Build configuration list for PBXNativeTarget "FirstRoundTest" */;
			buildPhases = (
				183A0B531A6AFAD88D0CBB47 /* [CP] Check Pods Manifest.lock */,
				715716D020F04BBC001500C2 /* Sources */,
				715716D120F04BBC001500C2 /* Frameworks */,
				715716D220F04BBC001500C2 /* Resources */,
				C73BEAB677D69722FDD48EB9 /* [CP] Embed Pods Frameworks */,
			);
			buildRules = (
			);
			dependencies = (
			);
			name = FirstRoundTest;
			productName = FirstRoundTest;
			productReference = 715716D420F04BBD001500C2 /* FirstRoundTest.app */;
			productType = "com.apple.product-type.application";
		};
/* End PBXNativeTarget section */

/* Begin PBXProject section */
		715716CC20F04BBC001500C2 /* Project object */ = {
			isa = PBXProject;
			attributes = {
				LastSwiftUpdateCheck = 0940;
				LastUpgradeCheck = 0940;
				ORGANIZATIONNAME = "Caston  Boyd";
				TargetAttributes = {
					715716D320F04BBC001500C2 = {
						CreatedOnToolsVersion = 9.4;
					};
				};
			};
			buildConfigurationList = 715716CF20F04BBC001500C2 /* Build configuration list for PBXProject "FirstRoundTest" */;
			compatibilityVersion = "Xcode 9.3";
			developmentRegion = en;
			hasScannedForEncodings = 0;
			knownRegions = (
				en,
				Base,
			);
			mainGroup = 715716CB20F04BBC001500C2;
			productRefGroup = 715716D520F04BBD001500C2 /* Products */;
			projectDirPath = "";
			projectRoot = "";
			targets = (
				715716D320F04BBC001500C2 /* FirstRoundTest */,
			);
		};
/* End PBXProject section */

/* Begin PBXResourcesBuildPhase section */
		715716D220F04BBC001500C2 /* Resources */ = {
			isa = PBXResourcesBuildPhase;
			buildActionMask = 2147483647;
			files = (
				715716E220F04BBE001500C2 /* LaunchScreen.storyboard in Resources */,
				717787ED20FD6DA000280B93 /* GoogleService-Info.plist in Resources */,
				715716DF20F04BBE001500C2 /* Assets.xcassets in Resources */,
				715716DD20F04BBD001500C2 /* Main.storyboard in Resources */,
			);
			runOnlyForDeploymentPostprocessing = 0;
		};
/* End PBXResourcesBuildPhase section */

/* Begin PBXShellScriptBuildPhase section */
		183A0B531A6AFAD88D0CBB47 /* [CP] Check Pods Manifest.lock */ = {
			isa = PBXShellScriptBuildPhase;
			buildActionMask = 2147483647;
			files = (
			);
			inputPaths = (
				"${PODS_PODFILE_DIR_PATH}/Podfile.lock",
				"${PODS_ROOT}/Manifest.lock",
			);
			name = "[CP] Check Pods Manifest.lock";
			outputPaths = (
				"$(DERIVED_FILE_DIR)/Pods-FirstRoundTest-checkManifestLockResult.txt",
			);
			runOnlyForDeploymentPostprocessing = 0;
			shellPath = /bin/sh;
			shellScript = "diff \"${PODS_PODFILE_DIR_PATH}/Podfile.lock\" \"${PODS_ROOT}/Manifest.lock\" > /dev/null\nif [ $? != 0 ] ; then\n    # print error to STDERR\n    echo \"error: The sandbox is not in sync with the Podfile.lock. Run 'pod install' or update your CocoaPods installation.\" >&2\n    exit 1\nfi\n# This output is used by Xcode 'outputs' to avoid re-running this script phase.\necho \"SUCCESS\" > \"${SCRIPT_OUTPUT_FILE_0}\"\n";
			showEnvVarsInLog = 0;
		};
		C73BEAB677D69722FDD48EB9 /* [CP] Embed Pods Frameworks */ = {
			isa = PBXShellScriptBuildPhase;
			buildActionMask = 2147483647;
			files = (
			);
			inputPaths = (
				"${SRCROOT}/Pods/Target Support Files/Pods-FirstRoundTest/Pods-FirstRoundTest-frameworks.sh",
				"${BUILT_PRODUCTS_DIR}/Canvas/Canvas.framework",
				"${BUILT_PRODUCTS_DIR}/GoogleToolboxForMac/GoogleToolboxForMac.framework",
				"${BUILT_PRODUCTS_DIR}/Material/Material.framework",
				"${BUILT_PRODUCTS_DIR}/Motion/Motion.framework",
				"${BUILT_PRODUCTS_DIR}/Pulley/Pulley.framework",
				"${BUILT_PRODUCTS_DIR}/leveldb-library/leveldb.framework",
				"${BUILT_PRODUCTS_DIR}/nanopb/nanopb.framework",
			);
			name = "[CP] Embed Pods Frameworks";
			outputPaths = (
				"${TARGET_BUILD_DIR}/${FRAMEWORKS_FOLDER_PATH}/Canvas.framework",
				"${TARGET_BUILD_DIR}/${FRAMEWORKS_FOLDER_PATH}/GoogleToolboxForMac.framework",
				"${TARGET_BUILD_DIR}/${FRAMEWORKS_FOLDER_PATH}/Material.framework",
				"${TARGET_BUILD_DIR}/${FRAMEWORKS_FOLDER_PATH}/Motion.framework",
				"${TARGET_BUILD_DIR}/${FRAMEWORKS_FOLDER_PATH}/Pulley.framework",
				"${TARGET_BUILD_DIR}/${FRAMEWORKS_FOLDER_PATH}/leveldb.framework",
				"${TARGET_BUILD_DIR}/${FRAMEWORKS_FOLDER_PATH}/nanopb.framework",
			);
			runOnlyForDeploymentPostprocessing = 0;
			shellPath = /bin/sh;
			shellScript = "\"${SRCROOT}/Pods/Target Support Files/Pods-FirstRoundTest/Pods-FirstRoundTest-frameworks.sh\"\n";
			showEnvVarsInLog = 0;
		};
/* End PBXShellScriptBuildPhase section */

/* Begin PBXSourcesBuildPhase section */
		715716D020F04BBC001500C2 /* Sources */ = {
			isa = PBXSourcesBuildPhase;
			buildActionMask = 2147483647;
			files = (
				71B49D7E20F2B1F000228162 /* DesignableRestaurantCellRound.swift in Sources */,
				71B49D7A20F2A9BD00228162 /* RestaurantListTableViewCell.swift in Sources */,
				715716F420F10FE7001500C2 /* UISearchBarExtension.swift in Sources */,
				717787F920FDBDEC00280B93 /* ThreeInspectionsViewController.swift in Sources */,
				7178870020F33AF500851F91 /* FirstRoundModelData.swift in Sources */,
				71FD476520F6D8A8000CFD52 /* TabbarDesignable.swift in Sources */,
				71B49D7820F299B300228162 /* RestaurantListViewController.swift in Sources */,
				7117345320F431D8003A1E24 /* OverviewModelController.swift in Sources */,
				717787EF20FD725200280B93 /* MainViewController.swift in Sources */,
				7157170420F1BF01001500C2 /* GripBarsOnPullScreen.swift in Sources */,
				715716F820F15F56001500C2 /* DesignableNavigationBar.swift in Sources */,
				7157170220F1B23B001500C2 /* HomeScreenPullBarFirstLayer.swift in Sources */,
				715716EF20F09B0F001500C2 /* DesignableSearchBar.swift in Sources */,
				717787F520FDBDB200280B93 /* ViolationsOverviewViewController.swift in Sources */,
				715716D820F04BBD001500C2 /* AppDelegate.swift in Sources */,
				717787F720FDBDD400280B93 /* ReoccurringViolationsViewController.swift in Sources */,
				715716EC20F06629001500C2 /* OverviewViewController.swift in Sources */,
				715716F220F0AFDB001500C2 /* MethodForConvertingHex.swift in Sources */,
				717787F120FD728900280B93 /* MainPageViewController.swift in Sources */,
				71FD475920F58097000CFD52 /* MapViewController.swift in Sources */,
				717787F320FDADEB00280B93 /* SegueToOverviewFrmCell.swift in Sources */,
			);
			runOnlyForDeploymentPostprocessing = 0;
		};
/* End PBXSourcesBuildPhase section */

/* Begin PBXVariantGroup section */
		715716DB20F04BBD001500C2 /* Main.storyboard */ = {
			isa = PBXVariantGroup;
			children = (
				715716DC20F04BBD001500C2 /* Base */,
			);
			name = Main.storyboard;
			sourceTree = "<group>";
		};
		715716E020F04BBE001500C2 /* LaunchScreen.storyboard */ = {
			isa = PBXVariantGroup;
			children = (
				715716E120F04BBE001500C2 /* Base */,
			);
			name = LaunchScreen.storyboard;
			sourceTree = "<group>";
		};
/* End PBXVariantGroup section */

/* Begin XCBuildConfiguration section */
		715716E420F04BBE001500C2 /* Debug */ = {
			isa = XCBuildConfiguration;
			buildSettings = {
				ALWAYS_SEARCH_USER_PATHS = NO;
				CLANG_ANALYZER_NONNULL = YES;
				CLANG_ANALYZER_NUMBER_OBJECT_CONVERSION = YES_AGGRESSIVE;
				CLANG_CXX_LANGUAGE_STANDARD = "gnu++14";
				CLANG_CXX_LIBRARY = "libc++";
				CLANG_ENABLE_MODULES = YES;
				CLANG_ENABLE_OBJC_ARC = YES;
				CLANG_ENABLE_OBJC_WEAK = YES;
				CLANG_WARN_BLOCK_CAPTURE_AUTORELEASING = YES;
				CLANG_WARN_BOOL_CONVERSION = YES;
				CLANG_WARN_COMMA = YES;
				CLANG_WARN_CONSTANT_CONVERSION = YES;
				CLANG_WARN_DEPRECATED_OBJC_IMPLEMENTATIONS = YES;
				CLANG_WARN_DIRECT_OBJC_ISA_USAGE = YES_ERROR;
				CLANG_WARN_DOCUMENTATION_COMMENTS = YES;
				CLANG_WARN_EMPTY_BODY = YES;
				CLANG_WARN_ENUM_CONVERSION = YES;
				CLANG_WARN_INFINITE_RECURSION = YES;
				CLANG_WARN_INT_CONVERSION = YES;
				CLANG_WARN_NON_LITERAL_NULL_CONVERSION = YES;
				CLANG_WARN_OBJC_IMPLICIT_RETAIN_SELF = YES;
				CLANG_WARN_OBJC_LITERAL_CONVERSION = YES;
				CLANG_WARN_OBJC_ROOT_CLASS = YES_ERROR;
				CLANG_WARN_RANGE_LOOP_ANALYSIS = YES;
				CLANG_WARN_STRICT_PROTOTYPES = YES;
				CLANG_WARN_SUSPICIOUS_MOVE = YES;
				CLANG_WARN_UNGUARDED_AVAILABILITY = YES_AGGRESSIVE;
				CLANG_WARN_UNREACHABLE_CODE = YES;
				CLANG_WARN__DUPLICATE_METHOD_MATCH = YES;
				CODE_SIGN_IDENTITY = "iPhone Developer";
				COPY_PHASE_STRIP = NO;
				DEBUG_INFORMATION_FORMAT = dwarf;
				ENABLE_STRICT_OBJC_MSGSEND = YES;
				ENABLE_TESTABILITY = YES;
				GCC_C_LANGUAGE_STANDARD = gnu11;
				GCC_DYNAMIC_NO_PIC = NO;
				GCC_NO_COMMON_BLOCKS = YES;
				GCC_OPTIMIZATION_LEVEL = 0;
				GCC_PREPROCESSOR_DEFINITIONS = (
					"DEBUG=1",
					"$(inherited)",
				);
				GCC_WARN_64_TO_32_BIT_CONVERSION = YES;
				GCC_WARN_ABOUT_RETURN_TYPE = YES_ERROR;
				GCC_WARN_UNDECLARED_SELECTOR = YES;
				GCC_WARN_UNINITIALIZED_AUTOS = YES_AGGRESSIVE;
				GCC_WARN_UNUSED_FUNCTION = YES;
				GCC_WARN_UNUSED_VARIABLE = YES;
				IPHONEOS_DEPLOYMENT_TARGET = 11.4;
				MTL_ENABLE_DEBUG_INFO = YES;
				ONLY_ACTIVE_ARCH = YES;
				SDKROOT = iphoneos;
				SWIFT_ACTIVE_COMPILATION_CONDITIONS = DEBUG;
				SWIFT_OPTIMIZATION_LEVEL = "-Onone";
			};
			name = Debug;
		};
		715716E520F04BBE001500C2 /* Release */ = {
			isa = XCBuildConfiguration;
			buildSettings = {
				ALWAYS_SEARCH_USER_PATHS = NO;
				CLANG_ANALYZER_NONNULL = YES;
				CLANG_ANALYZER_NUMBER_OBJECT_CONVERSION = YES_AGGRESSIVE;
				CLANG_CXX_LANGUAGE_STANDARD = "gnu++14";
				CLANG_CXX_LIBRARY = "libc++";
				CLANG_ENABLE_MODULES = YES;
				CLANG_ENABLE_OBJC_ARC = YES;
				CLANG_ENABLE_OBJC_WEAK = YES;
				CLANG_WARN_BLOCK_CAPTURE_AUTORELEASING = YES;
				CLANG_WARN_BOOL_CONVERSION = YES;
				CLANG_WARN_COMMA = YES;
				CLANG_WARN_CONSTANT_CONVERSION = YES;
				CLANG_WARN_DEPRECATED_OBJC_IMPLEMENTATIONS = YES;
				CLANG_WARN_DIRECT_OBJC_ISA_USAGE = YES_ERROR;
				CLANG_WARN_DOCUMENTATION_COMMENTS = YES;
				CLANG_WARN_EMPTY_BODY = YES;
				CLANG_WARN_ENUM_CONVERSION = YES;
				CLANG_WARN_INFINITE_RECURSION = YES;
				CLANG_WARN_INT_CONVERSION = YES;
				CLANG_WARN_NON_LITERAL_NULL_CONVERSION = YES;
				CLANG_WARN_OBJC_IMPLICIT_RETAIN_SELF = YES;
				CLANG_WARN_OBJC_LITERAL_CONVERSION = YES;
				CLANG_WARN_OBJC_ROOT_CLASS = YES_ERROR;
				CLANG_WARN_RANGE_LOOP_ANALYSIS = YES;
				CLANG_WARN_STRICT_PROTOTYPES = YES;
				CLANG_WARN_SUSPICIOUS_MOVE = YES;
				CLANG_WARN_UNGUARDED_AVAILABILITY = YES_AGGRESSIVE;
				CLANG_WARN_UNREACHABLE_CODE = YES;
				CLANG_WARN__DUPLICATE_METHOD_MATCH = YES;
				CODE_SIGN_IDENTITY = "iPhone Developer";
				COPY_PHASE_STRIP = NO;
				DEBUG_INFORMATION_FORMAT = "dwarf-with-dsym";
				ENABLE_NS_ASSERTIONS = NO;
				ENABLE_STRICT_OBJC_MSGSEND = YES;
				GCC_C_LANGUAGE_STANDARD = gnu11;
				GCC_NO_COMMON_BLOCKS = YES;
				GCC_WARN_64_TO_32_BIT_CONVERSION = YES;
				GCC_WARN_ABOUT_RETURN_TYPE = YES_ERROR;
				GCC_WARN_UNDECLARED_SELECTOR = YES;
				GCC_WARN_UNINITIALIZED_AUTOS = YES_AGGRESSIVE;
				GCC_WARN_UNUSED_FUNCTION = YES;
				GCC_WARN_UNUSED_VARIABLE = YES;
				IPHONEOS_DEPLOYMENT_TARGET = 11.4;
				MTL_ENABLE_DEBUG_INFO = NO;
				SDKROOT = iphoneos;
				SWIFT_COMPILATION_MODE = wholemodule;
				SWIFT_OPTIMIZATION_LEVEL = "-O";
				VALIDATE_PRODUCT = YES;
			};
			name = Release;
		};
		715716E720F04BBE001500C2 /* Debug */ = {
			isa = XCBuildConfiguration;
			baseConfigurationReference = 66DA9E055302BE5722AF6D3D /* Pods-FirstRoundTest.debug.xcconfig */;
			buildSettings = {
				ASSETCATALOG_COMPILER_APPICON_NAME = AppIcon;
				CODE_SIGN_STYLE = Automatic;
				DEVELOPMENT_TEAM = DEU5AX7577;
				INFOPLIST_FILE = "$(SRCROOT)/FirstRoundTest/Resources/AppRelatedFiles/Info.plist";
				LD_RUNPATH_SEARCH_PATHS = (
					"$(inherited)",
					"@executable_path/Frameworks",
				);
				PRODUCT_BUNDLE_IDENTIFIER = com.Virtud.FirstRoundTest;
				PRODUCT_NAME = "$(TARGET_NAME)";
				SWIFT_VERSION = 4.0;
				TARGETED_DEVICE_FAMILY = "1,2";
			};
			name = Debug;
		};
		715716E820F04BBE001500C2 /* Release */ = {
			isa = XCBuildConfiguration;
			baseConfigurationReference = 99B2D7EC4EFC600FF819F6A5 /* Pods-FirstRoundTest.release.xcconfig */;
			buildSettings = {
				ASSETCATALOG_COMPILER_APPICON_NAME = AppIcon;
				CODE_SIGN_STYLE = Automatic;
				DEVELOPMENT_TEAM = DEU5AX7577;
				INFOPLIST_FILE = "$(SRCROOT)/FirstRoundTest/Resources/AppRelatedFiles/Info.plist";
				LD_RUNPATH_SEARCH_PATHS = (
					"$(inherited)",
					"@executable_path/Frameworks",
				);
				PRODUCT_BUNDLE_IDENTIFIER = com.Virtud.FirstRoundTest;
				PRODUCT_NAME = "$(TARGET_NAME)";
				SWIFT_VERSION = 4.0;
				TARGETED_DEVICE_FAMILY = "1,2";
			};
			name = Release;
		};
/* End XCBuildConfiguration section */

/* Begin XCConfigurationList section */
		715716CF20F04BBC001500C2 /* Build configuration list for PBXProject "FirstRoundTest" */ = {
			isa = XCConfigurationList;
			buildConfigurations = (
				715716E420F04BBE001500C2 /* Debug */,
				715716E520F04BBE001500C2 /* Release */,
			);
			defaultConfigurationIsVisible = 0;
			defaultConfigurationName = Release;
		};
		715716E620F04BBE001500C2 /* Build configuration list for PBXNativeTarget "FirstRoundTest" */ = {
			isa = XCConfigurationList;
			buildConfigurations = (
				715716E720F04BBE001500C2 /* Debug */,
				715716E820F04BBE001500C2 /* Release */,
			);
			defaultConfigurationIsVisible = 0;
			defaultConfigurationName = Release;
		};
/* End XCConfigurationList section */
	};
	rootObject = 715716CC20F04BBC001500C2 /* Project object */;
}
